
Microsoft Visual Studio Solution File, Format Version 12.00
# Visual Studio Version 17
VisualStudioVersion = 17.0.31903.59
MinimumVisualStudioVersion = 10.0.40219.1
Project("{FAE04EC0-301F-11D3-BF4B-00C04F79EFBC}") = "AppApi", "AppApi\AppApi.csproj", "{F83C5EB4-AFEC-49E1-B0E9-EBD9762FB5C4}"
EndProject
Project("{FAE04EC0-301F-11D3-BF4B-00C04F79EFBC}") = "Api.Entity", "Api.Entity\Api.Entity.csproj", "{79FB3A41-AFFB-40CA-972A-3C6463FACDB9}"
EndProject
Project("{FAE04EC0-301F-11D3-BF4B-00C04F79EFBC}") = "Api.Business", "Api.Business\Api.Business.csproj", "{0814430A-BF49-4856-9E6E-664D36E148F9}"
EndProject
Global
	GlobalSection(SolutionConfigurationPlatforms) = preSolution
		Debug|Any CPU = Debug|Any CPU
		Release|Any CPU = Release|Any CPU
	EndGlobalSection
	GlobalSection(ProjectConfigurationPlatforms) = postSolution
		{F83C5EB4-AFEC-49E1-B0E9-EBD9762FB5C4}.Debug|Any CPU.ActiveCfg = Debug|Any CPU
		{F83C5EB4-AFEC-49E1-B0E9-EBD9762FB5C4}.Debug|Any CPU.Build.0 = Debug|Any CPU
		{F83C5EB4-AFEC-49E1-B0E9-EBD9762FB5C4}.Release|Any CPU.ActiveCfg = Release|Any CPU
		{F83C5EB4-AFEC-49E1-B0E9-EBD9762FB5C4}.Release|Any CPU.Build.0 = Release|Any CPU
		{79FB3A41-AFFB-40CA-972A-3C6463FACDB9}.Debug|Any CPU.ActiveCfg = Debug|Any CPU
		{79FB3A41-AFFB-40CA-972A-3C6463FACDB9}.Debug|Any CPU.Build.0 = Debug|Any CPU
		{79FB3A41-AFFB-40CA-972A-3C6463FACDB9}.Release|Any CPU.ActiveCfg = Release|Any CPU
		{79FB3A41-AFFB-40CA-972A-3C6463FACDB9}.Release|Any CPU.Build.0 = Release|Any CPU
		{0814430A-BF49-4856-9E6E-664D36E148F9}.Debug|Any CPU.ActiveCfg = Debug|Any CPU
		{0814430A-BF49-4856-9E6E-664D36E148F9}.Debug|Any CPU.Build.0 = Debug|Any CPU
		{0814430A-BF49-4856-9E6E-664D36E148F9}.Release|Any CPU.ActiveCfg = Release|Any CPU
		{0814430A-BF49-4856-9E6E-664D36E148F9}.Release|Any CPU.Build.0 = Release|Any CPU
	EndGlobalSection
	GlobalSection(SolutionProperties) = preSolution
		HideSolutionNode = FALSE
	EndGlobalSection
	GlobalSection(ExtensibilityGlobals) = postSolution
		SolutionGuid = {4D7FC3F4-E54A-4AB7-BD79-139AB23F5BBE}
	EndGlobalSection
EndGlobal
